
Microsoft Visual Studio Solution File, Format Version 12.00
# Visual Studio Version 17
VisualStudioVersion = 17.5.33530.505
MinimumVisualStudioVersion = 10.0.40219.1
Project("{FAE04EC0-301F-11D3-BF4B-00C04F79EFBC}") = "Halo", "Halo\Halo.csproj", "{93AAB7DE-C9C7-40BC-A450-057F19972CBA}"
EndProject
Global
	GlobalSection(SolutionConfigurationPlatforms) = preSolution
		Debug|Any CPU = Debug|Any CPU
		Release|Any CPU = Release|Any CPU
	EndGlobalSection
	GlobalSection(ProjectConfigurationPlatforms) = postSolution
		{93AAB7DE-C9C7-40BC-A450-057F19972CBA}.Debug|Any CPU.ActiveCfg = Debug|Any CPU
		{93AAB7DE-C9C7-40BC-A450-057F19972CBA}.Debug|Any CPU.Build.0 = Debug|Any CPU
		{93AAB7DE-C9C7-40BC-A450-057F19972CBA}.Release|Any CPU.ActiveCfg = Release|Any CPU
		{93AAB7DE-C9C7-40BC-A450-057F19972CBA}.Release|Any CPU.Build.0 = Release|Any CPU
	EndGlobalSection
	GlobalSection(SolutionProperties) = preSolution
		HideSolutionNode = FALSE
	EndGlobalSection
	GlobalSection(ExtensibilityGlobals) = postSolution
		SolutionGuid = {526A54E4-A640-4378-B7F4-17401D36147C}
	EndGlobalSection
EndGlobal
